// !$*UTF8*$!
{
	archiveVersion = 1;
	classes = {
	};
	objectVersion = 46;
	objects = {

/* Begin PBXBuildFile section */
		7DA5EFA1166D6E7100E6F360 /* UIKit.framework in Frameworks */ = {isa = PBXBuildFile; fileRef = 7DA5EFA0166D6E7100E6F360 /* UIKit.framework */; };
		7DA5EFA3166D6E7100E6F360 /* Foundation.framework in Frameworks */ = {isa = PBXBuildFile; fileRef = 7DA5EFA2166D6E7100E6F360 /* Foundation.framework */; };
		7DA5EFA5166D6E7100E6F360 /* CoreGraphics.framework in Frameworks */ = {isa = PBXBuildFile; fileRef = 7DA5EFA4166D6E7100E6F360 /* CoreGraphics.framework */; };
		7DA5EFAB166D6E7100E6F360 /* InfoPlist.strings in Resources */ = {isa = PBXBuildFile; fileRef = 7DA5EFA9166D6E7100E6F360 /* InfoPlist.strings */; };
		7DA5EFAD166D6E7100E6F360 /* main.m in Sources */ = {isa = PBXBuildFile; fileRef = 7DA5EFAC166D6E7100E6F360 /* main.m */; };
		7DA5EFB1166D6E7100E6F360 /* XCAppDelegate.m in Sources */ = {isa = PBXBuildFile; fileRef = 7DA5EFB0166D6E7100E6F360 /* XCAppDelegate.m */; };
		7DA5EFB3166D6E7100E6F360 /* Default.png in Resources */ = {isa = PBXBuildFile; fileRef = 7DA5EFB2166D6E7100E6F360 /* Default.png */; };
		7DA5EFB5166D6E7100E6F360 /* Default@2x.png in Resources */ = {isa = PBXBuildFile; fileRef = 7DA5EFB4166D6E7100E6F360 /* Default@2x.png */; };
		7DA5EFB7166D6E7100E6F360 /* Default-568h@2x.png in Resources */ = {isa = PBXBuildFile; fileRef = 7DA5EFB6166D6E7100E6F360 /* Default-568h@2x.png */; };
		7DA5EFBA166D6E7100E6F360 /* XCRootViewController.m in Sources */ = {isa = PBXBuildFile; fileRef = 7DA5EFB9166D6E7100E6F360 /* XCRootViewController.m */; };
		7DA5EFBD166D6E7100E6F360 /* XCDataViewController.m in Sources */ = {isa = PBXBuildFile; fileRef = 7DA5EFBC166D6E7100E6F360 /* XCDataViewController.m */; };
		7DA5EFC0166D6E7100E6F360 /* XCModelController.m in Sources */ = {isa = PBXBuildFile; fileRef = 7DA5EFBF166D6E7100E6F360 /* XCModelController.m */; };
		7DA5EFC3166D6E7100E6F360 /* MainStoryboard_iPhone.storyboard in Resources */ = {isa = PBXBuildFile; fileRef = 7DA5EFC1166D6E7100E6F360 /* MainStoryboard_iPhone.storyboard */; };
		7DA5EFC6166D6E7100E6F360 /* MainStoryboard_iPad.storyboard in Resources */ = {isa = PBXBuildFile; fileRef = 7DA5EFC4166D6E7100E6F360 /* MainStoryboard_iPad.storyboard */; };
/* End PBXBuildFile section */

/* Begin PBXFileReference section */
		7DA5EF9C166D6E7100E6F360 /* Calendar.app */ = {isa = PBXFileReference; explicitFileType = wrapper.application; includeInIndex = 0; path = Calendar.app; sourceTree = BUILT_PRODUCTS_DIR; };
		7DA5EFA0166D6E7100E6F360 /* UIKit.framework */ = {isa = PBXFileReference; lastKnownFileType = wrapper.framework; name = UIKit.framework; path = System/Library/Frameworks/UIKit.framework; sourceTree = SDKROOT; };
		7DA5EFA2166D6E7100E6F360 /* Foundation.framework */ = {isa = PBXFileReference; lastKnownFileType = wrapper.framework; name = Foundation.framework; path = System/Library/Frameworks/Foundation.framework; sourceTree = SDKROOT; };
		7DA5EFA4166D6E7100E6F360 /* CoreGraphics.framework */ = {isa = PBXFileReference; lastKnownFileType = wrapper.framework; name = CoreGraphics.framework; path = System/Library/Frameworks/CoreGraphics.framework; sourceTree = SDKROOT; };
		7DA5EFA8166D6E7100E6F360 /* Calendar-Info.plist */ = {isa = PBXFileReference; lastKnownFileType = text.plist.xml; path = "Calendar-Info.plist"; sourceTree = "<group>"; };
		7DA5EFAA166D6E7100E6F360 /* en */ = {isa = PBXFileReference; lastKnownFileType = text.plist.strings; name = en; path = en.lproj/InfoPlist.strings; sourceTree = "<group>"; };
		7DA5EFAC166D6E7100E6F360 /* main.m */ = {isa = PBXFileReference; lastKnownFileType = sourcecode.c.objc; path = main.m; sourceTree = "<group>"; };
		7DA5EFAE166D6E7100E6F360 /* Calendar-Prefix.pch */ = {isa = PBXFileReference; lastKnownFileType = sourcecode.c.h; path = "Calendar-Prefix.pch"; sourceTree = "<group>"; };
		7DA5EFAF166D6E7100E6F360 /* XCAppDelegate.h */ = {isa = PBXFileReference; lastKnownFileType = sourcecode.c.h; path = XCAppDelegate.h; sourceTree = "<group>"; };
		7DA5EFB0166D6E7100E6F360 /* XCAppDelegate.m */ = {isa = PBXFileReference; lastKnownFileType = sourcecode.c.objc; path = XCAppDelegate.m; sourceTree = "<group>"; };
		7DA5EFB2166D6E7100E6F360 /* Default.png */ = {isa = PBXFileReference; lastKnownFileType = image.png; path = Default.png; sourceTree = "<group>"; };
		7DA5EFB4166D6E7100E6F360 /* Default@2x.png */ = {isa = PBXFileReference; lastKnownFileType = image.png; path = "Default@2x.png"; sourceTree = "<group>"; };
		7DA5EFB6166D6E7100E6F360 /* Default-568h@2x.png */ = {isa = PBXFileReference; lastKnownFileType = image.png; path = "Default-568h@2x.png"; sourceTree = "<group>"; };
		7DA5EFB8166D6E7100E6F360 /* XCRootViewController.h */ = {isa = PBXFileReference; lastKnownFileType = sourcecode.c.h; path = XCRootViewController.h; sourceTree = "<group>"; };
		7DA5EFB9166D6E7100E6F360 /* XCRootViewController.m */ = {isa = PBXFileReference; lastKnownFileType = sourcecode.c.objc; path = XCRootViewController.m; sourceTree = "<group>"; };
		7DA5EFBB166D6E7100E6F360 /* XCDataViewController.h */ = {isa = PBXFileReference; lastKnownFileType = sourcecode.c.h; path = XCDataViewController.h; sourceTree = "<group>"; };
		7DA5EFBC166D6E7100E6F360 /* XCDataViewController.m */ = {isa = PBXFileReference; lastKnownFileType = sourcecode.c.objc; path = XCDataViewController.m; sourceTree = "<group>"; };
		7DA5EFBE166D6E7100E6F360 /* XCModelController.h */ = {isa = PBXFileReference; lastKnownFileType = sourcecode.c.h; path = XCModelController.h; sourceTree = "<group>"; };
		7DA5EFBF166D6E7100E6F360 /* XCModelController.m */ = {isa = PBXFileReference; lastKnownFileType = sourcecode.c.objc; path = XCModelController.m; sourceTree = "<group>"; };
		7DA5EFC2166D6E7100E6F360 /* en */ = {isa = PBXFileReference; lastKnownFileType = file.storyboard; name = en; path = en.lproj/MainStoryboard_iPhone.storyboard; sourceTree = "<group>"; };
		7DA5EFC5166D6E7100E6F360 /* en */ = {isa = PBXFileReference; lastKnownFileType = file.storyboard; name = en; path = en.lproj/MainStoryboard_iPad.storyboard; sourceTree = "<group>"; };
/* End PBXFileReference section */

/* Begin PBXFrameworksBuildPhase section */
		7DA5EF99166D6E7100E6F360 /* Frameworks */ = {
			isa = PBXFrameworksBuildPhase;
			buildActionMask = 2147483647;
			files = (
				7DA5EFA1166D6E7100E6F360 /* UIKit.framework in Frameworks */,
				7DA5EFA3166D6E7100E6F360 /* Foundation.framework in Frameworks */,
				7DA5EFA5166D6E7100E6F360 /* CoreGraphics.framework in Frameworks */,
			);
			runOnlyForDeploymentPostprocessing = 0;
		};
/* End PBXFrameworksBuildPhase section */

/* Begin PBXGroup section */
		7DA5EF91166D6E7100E6F360 = {
			isa = PBXGroup;
			children = (
				7DA5EFA6166D6E7100E6F360 /* Calendar */,
				7DA5EF9F166D6E7100E6F360 /* Frameworks */,
				7DA5EF9D166D6E7100E6F360 /* Products */,
			);
			sourceTree = "<group>";
		};
		7DA5EF9D166D6E7100E6F360 /* Products */ = {
			isa = PBXGroup;
			children = (
				7DA5EF9C166D6E7100E6F360 /* Calendar.app */,
			);
			name = Products;
			sourceTree = "<group>";
		};
		7DA5EF9F166D6E7100E6F360 /* Frameworks */ = {
			isa = PBXGroup;
			children = (
				7DA5EFA0166D6E7100E6F360 /* UIKit.framework */,
				7DA5EFA2166D6E7100E6F360 /* Foundation.framework */,
				7DA5EFA4166D6E7100E6F360 /* CoreGraphics.framework */,
			);
			name = Frameworks;
			sourceTree = "<group>";
		};
		7DA5EFA6166D6E7100E6F360 /* Calendar */ = {
			isa = PBXGroup;
			children = (
				7DA5EFAF166D6E7100E6F360 /* XCAppDelegate.h */,
				7DA5EFB0166D6E7100E6F360 /* XCAppDelegate.m */,
				7DA5EFB8166D6E7100E6F360 /* XCRootViewController.h */,
				7DA5EFB9166D6E7100E6F360 /* XCRootViewController.m */,
				7DA5EFBB166D6E7100E6F360 /* XCDataViewController.h */,
				7DA5EFBC166D6E7100E6F360 /* XCDataViewController.m */,
				7DA5EFBE166D6E7100E6F360 /* XCModelController.h */,
				7DA5EFBF166D6E7100E6F360 /* XCModelController.m */,
				7DA5EFC1166D6E7100E6F360 /* MainStoryboard_iPhone.storyboard */,
				7DA5EFC4166D6E7100E6F360 /* MainStoryboard_iPad.storyboard */,
				7DA5EFA7166D6E7100E6F360 /* Supporting Files */,
			);
			path = Calendar;
			sourceTree = "<group>";
		};
		7DA5EFA7166D6E7100E6F360 /* Supporting Files */ = {
			isa = PBXGroup;
			children = (
				7DA5EFA8166D6E7100E6F360 /* Calendar-Info.plist */,
				7DA5EFA9166D6E7100E6F360 /* InfoPlist.strings */,
				7DA5EFAC166D6E7100E6F360 /* main.m */,
				7DA5EFAE166D6E7100E6F360 /* Calendar-Prefix.pch */,
				7DA5EFB2166D6E7100E6F360 /* Default.png */,
				7DA5EFB4166D6E7100E6F360 /* Default@2x.png */,
				7DA5EFB6166D6E7100E6F360 /* Default-568h@2x.png */,
			);
			name = "Supporting Files";
			sourceTree = "<group>";
		};
/* End PBXGroup section */

/* Begin PBXNativeTarget section */
		7DA5EF9B166D6E7100E6F360 /* Calendar */ = {
			isa = PBXNativeTarget;
			buildConfigurationList = 7DA5EFC9166D6E7100E6F360 /* Build configuration list for PBXNativeTarget "Calendar" */;
			buildPhases = (
				7DA5EF98166D6E7100E6F360 /* Sources */,
				7DA5EF99166D6E7100E6F360 /* Frameworks */,
				7DA5EF9A166D6E7100E6F360 /* Resources */,
			);
			buildRules = (
			);
			dependencies = (
			);
			name = Calendar;
			productName = Calendar;
			productReference = 7DA5EF9C166D6E7100E6F360 /* Calendar.app */;
			productType = "com.apple.product-type.application";
		};
/* End PBXNativeTarget section */

/* Begin PBXProject section */
		7DA5EF93166D6E7100E6F360 /* Project object */ = {
			isa = PBXProject;
			attributes = {
				CLASSPREFIX = XC;
				LastUpgradeCheck = 0450;
				ORGANIZATIONNAME = "Xuzz Productions, LLC";
			};
			buildConfigurationList = 7DA5EF96166D6E7100E6F360 /* Build configuration list for PBXProject "Calendar" */;
			compatibilityVersion = "Xcode 3.2";
			developmentRegion = English;
			hasScannedForEncodings = 0;
			knownRegions = (
				en,
			);
			mainGroup = 7DA5EF91166D6E7100E6F360;
			productRefGroup = 7DA5EF9D166D6E7100E6F360 /* Products */;
			projectDirPath = "";
			projectRoot = "";
			targets = (
				7DA5EF9B166D6E7100E6F360 /* Calendar */,
			);
		};
/* End PBXProject section */

/* Begin PBXResourcesBuildPhase section */
		7DA5EF9A166D6E7100E6F360 /* Resources */ = {
			isa = PBXResourcesBuildPhase;
			buildActionMask = 2147483647;
			files = (
				7DA5EFAB166D6E7100E6F360 /* InfoPlist.strings in Resources */,
				7DA5EFB3166D6E7100E6F360 /* Default.png in Resources */,
				7DA5EFB5166D6E7100E6F360 /* Default@2x.png in Resources */,
				7DA5EFB7166D6E7100E6F360 /* Default-568h@2x.png in Resources */,
				7DA5EFC3166D6E7100E6F360 /* MainStoryboard_iPhone.storyboard in Resources */,
				7DA5EFC6166D6E7100E6F360 /* MainStoryboard_iPad.storyboard in Resources */,
			);
			runOnlyForDeploymentPostprocessing = 0;
		};
/* End PBXResourcesBuildPhase section */

/* Begin PBXSourcesBuildPhase section */
		7DA5EF98166D6E7100E6F360 /* Sources */ = {
			isa = PBXSourcesBuildPhase;
			buildActionMask = 2147483647;
			files = (
				7DA5EFAD166D6E7100E6F360 /* main.m in Sources */,
				7DA5EFB1166D6E7100E6F360 /* XCAppDelegate.m in Sources */,
				7DA5EFBA166D6E7100E6F360 /* XCRootViewController.m in Sources */,
				7DA5EFBD166D6E7100E6F360 /* XCDataViewController.m in Sources */,
				7DA5EFC0166D6E7100E6F360 /* XCModelController.m in Sources */,
			);
			runOnlyForDeploymentPostprocessing = 0;
		};
/* End PBXSourcesBuildPhase section */

/* Begin PBXVariantGroup section */
		7DA5EFA9166D6E7100E6F360 /* InfoPlist.strings */ = {
			isa = PBXVariantGroup;
			children = (
				7DA5EFAA166D6E7100E6F360 /* en */,
			);
			name = InfoPlist.strings;
			sourceTree = "<group>";
		};
		7DA5EFC1166D6E7100E6F360 /* MainStoryboard_iPhone.storyboard */ = {
			isa = PBXVariantGroup;
			children = (
				7DA5EFC2166D6E7100E6F360 /* en */,
			);
			name = MainStoryboard_iPhone.storyboard;
			sourceTree = "<group>";
		};
		7DA5EFC4166D6E7100E6F360 /* MainStoryboard_iPad.storyboard */ = {
			isa = PBXVariantGroup;
			children = (
				7DA5EFC5166D6E7100E6F360 /* en */,
			);
			name = MainStoryboard_iPad.storyboard;
			sourceTree = "<group>";
		};
/* End PBXVariantGroup section */

/* Begin XCBuildConfiguration section */
		7DA5EFC7166D6E7100E6F360 /* Debug */ = {
			isa = XCBuildConfiguration;
			buildSettings = {
				ALWAYS_SEARCH_USER_PATHS = NO;
				CLANG_CXX_LANGUAGE_STANDARD = "gnu++0x";
				CLANG_CXX_LIBRARY = "libc++";
				CLANG_WARN_EMPTY_BODY = YES;
				CLANG_WARN__DUPLICATE_METHOD_MATCH = YES;
				"CODE_SIGN_IDENTITY[sdk=iphoneos*]" = "iPhone Developer";
				COPY_PHASE_STRIP = NO;
				GCC_C_LANGUAGE_STANDARD = gnu99;
				GCC_DYNAMIC_NO_PIC = NO;
				GCC_OPTIMIZATION_LEVEL = 0;
				GCC_PREPROCESSOR_DEFINITIONS = (
					"DEBUG=1",
					"$(inherited)",
				);
				GCC_SYMBOLS_PRIVATE_EXTERN = NO;
				GCC_WARN_ABOUT_RETURN_TYPE = YES;
				GCC_WARN_UNINITIALIZED_AUTOS = YES;
				GCC_WARN_UNUSED_VARIABLE = YES;
				IPHONEOS_DEPLOYMENT_TARGET = 6.0;
				SDKROOT = iphoneos;
				TARGETED_DEVICE_FAMILY = "1,2";
			};
			name = Debug;
		};
		7DA5EFC8166D6E7100E6F360 /* Release */ = {
			isa = XCBuildConfiguration;
			buildSettings = {
				ALWAYS_SEARCH_USER_PATHS = NO;
				CLANG_CXX_LANGUAGE_STANDARD = "gnu++0x";
				CLANG_CXX_LIBRARY = "libc++";
				CLANG_WARN_EMPTY_BODY = YES;
				CLANG_WARN__DUPLICATE_METHOD_MATCH = YES;
				"CODE_SIGN_IDENTITY[sdk=iphoneos*]" = "iPhone Developer";
				COPY_PHASE_STRIP = YES;
				GCC_C_LANGUAGE_STANDARD = gnu99;
				GCC_WARN_ABOUT_RETURN_TYPE = YES;
				GCC_WARN_UNINITIALIZED_AUTOS = YES;
				GCC_WARN_UNUSED_VARIABLE = YES;
				IPHONEOS_DEPLOYMENT_TARGET = 6.0;
				OTHER_CFLAGS = "-DNS_BLOCK_ASSERTIONS=1";
				SDKROOT = iphoneos;
				TARGETED_DEVICE_FAMILY = "1,2";
				VALIDATE_PRODUCT = YES;
			};
			name = Release;
		};
		7DA5EFCA166D6E7100E6F360 /* Debug */ = {
			isa = XCBuildConfiguration;
			buildSettings = {
				GCC_PRECOMPILE_PREFIX_HEADER = YES;
				GCC_PREFIX_HEADER = "Calendar/Calendar-Prefix.pch";
				INFOPLIST_FILE = "Calendar/Calendar-Info.plist";
				PRODUCT_NAME = "$(TARGET_NAME)";
				WRAPPER_EXTENSION = app;
			};
			name = Debug;
		};
		7DA5EFCB166D6E7100E6F360 /* Release */ = {
			isa = XCBuildConfiguration;
			buildSettings = {
				GCC_PRECOMPILE_PREFIX_HEADER = YES;
				GCC_PREFIX_HEADER = "Calendar/Calendar-Prefix.pch";
				INFOPLIST_FILE = "Calendar/Calendar-Info.plist";
				PRODUCT_NAME = "$(TARGET_NAME)";
				WRAPPER_EXTENSION = app;
			};
			name = Release;
		};
/* End XCBuildConfiguration section */

/* Begin XCConfigurationList section */
		7DA5EF96166D6E7100E6F360 /* Build configuration list for PBXProject "Calendar" */ = {
			isa = XCConfigurationList;
			buildConfigurations = (
				7DA5EFC7166D6E7100E6F360 /* Debug */,
				7DA5EFC8166D6E7100E6F360 /* Release */,
			);
			defaultConfigurationIsVisible = 0;
			defaultConfigurationName = Release;
		};
		7DA5EFC9166D6E7100E6F360 /* Build configuration list for PBXNativeTarget "Calendar" */ = {
			isa = XCConfigurationList;
			buildConfigurations = (
				7DA5EFCA166D6E7100E6F360 /* Debug */,
				7DA5EFCB166D6E7100E6F360 /* Release */,
			);
			defaultConfigurationIsVisible = 0;
		};
/* End XCConfigurationList section */
	};
	rootObject = 7DA5EF93166D6E7100E6F360 /* Project object */;
}
